// !$*UTF8*$!
{
	archiveVersion = 1;
	classes = {
	};
	objectVersion = 50;
	objects = {

/* Begin PBXBuildFile section */
		59047E8A2493B29800CAE3FD /* ConstantsTemplate.swift in Sources */ = {isa = PBXBuildFile; fileRef = 59047E892493B29800CAE3FD /* ConstantsTemplate.swift */; };
		592ED3252485495600AF31C4 /* AppDelegate.swift in Sources */ = {isa = PBXBuildFile; fileRef = 592ED3242485495600AF31C4 /* AppDelegate.swift */; };
		592ED3272485495600AF31C4 /* SceneDelegate.swift in Sources */ = {isa = PBXBuildFile; fileRef = 592ED3262485495600AF31C4 /* SceneDelegate.swift */; };
		592ED3292485495600AF31C4 /* ViewController.swift in Sources */ = {isa = PBXBuildFile; fileRef = 592ED3282485495600AF31C4 /* ViewController.swift */; };
		592ED32C2485495600AF31C4 /* Main.storyboard in Resources */ = {isa = PBXBuildFile; fileRef = 592ED32A2485495600AF31C4 /* Main.storyboard */; };
		592ED32E2485495A00AF31C4 /* Assets.xcassets in Resources */ = {isa = PBXBuildFile; fileRef = 592ED32D2485495A00AF31C4 /* Assets.xcassets */; };
		592ED3312485495A00AF31C4 /* LaunchScreen.storyboard in Resources */ = {isa = PBXBuildFile; fileRef = 592ED32F2485495A00AF31C4 /* LaunchScreen.storyboard */; };
		592ED339248628B100AF31C4 /* Constants.swift in Sources */ = {isa = PBXBuildFile; fileRef = 592ED338248628B100AF31C4 /* Constants.swift */; };
		592ED33B24862E8400AF31C4 /* Video.swift in Sources */ = {isa = PBXBuildFile; fileRef = 592ED33A24862E8400AF31C4 /* Video.swift */; };
		592ED33D24862F6100AF31C4 /* Model.swift in Sources */ = {isa = PBXBuildFile; fileRef = 592ED33C24862F6100AF31C4 /* Model.swift */; };
		592ED33F2488D2A600AF31C4 /* Reponse.swift in Sources */ = {isa = PBXBuildFile; fileRef = 592ED33E2488D2A600AF31C4 /* Reponse.swift */; };
		594AC03024A0AFFB00D35FB6 /* CacheManager.swift in Sources */ = {isa = PBXBuildFile; fileRef = 594AC02F24A0AFFB00D35FB6 /* CacheManager.swift */; };
		59D0883B249A0819006E6C0F /* VideoTableViewCell.swift in Sources */ = {isa = PBXBuildFile; fileRef = 59D0883A249A0819006E6C0F /* VideoTableViewCell.swift */; };
/* End PBXBuildFile section */

/* Begin PBXFileReference section */
		59047E892493B29800CAE3FD /* ConstantsTemplate.swift */ = {isa = PBXFileReference; lastKnownFileType = sourcecode.swift; path = ConstantsTemplate.swift; sourceTree = "<group>"; };
		592ED3212485495600AF31C4 /* youtube-onedaybuild.app */ = {isa = PBXFileReference; explicitFileType = wrapper.application; includeInIndex = 0; path = "youtube-onedaybuild.app"; sourceTree = BUILT_PRODUCTS_DIR; };
		592ED3242485495600AF31C4 /* AppDelegate.swift */ = {isa = PBXFileReference; lastKnownFileType = sourcecode.swift; path = AppDelegate.swift; sourceTree = "<group>"; };
		592ED3262485495600AF31C4 /* SceneDelegate.swift */ = {isa = PBXFileReference; lastKnownFileType = sourcecode.swift; path = SceneDelegate.swift; sourceTree = "<group>"; };
		592ED3282485495600AF31C4 /* ViewController.swift */ = {isa = PBXFileReference; lastKnownFileType = sourcecode.swift; path = ViewController.swift; sourceTree = "<group>"; };
		592ED32B2485495600AF31C4 /* Base */ = {isa = PBXFileReference; lastKnownFileType = file.storyboard; name = Base; path = Base.lproj/Main.storyboard; sourceTree = "<group>"; };
		592ED32D2485495A00AF31C4 /* Assets.xcassets */ = {isa = PBXFileReference; lastKnownFileType = folder.assetcatalog; path = Assets.xcassets; sourceTree = "<group>"; };
		592ED3302485495A00AF31C4 /* Base */ = {isa = PBXFileReference; lastKnownFileType = file.storyboard; name = Base; path = Base.lproj/LaunchScreen.storyboard; sourceTree = "<group>"; };
		592ED3322485495A00AF31C4 /* Info.plist */ = {isa = PBXFileReference; lastKnownFileType = text.plist.xml; path = Info.plist; sourceTree = "<group>"; };
		592ED338248628B100AF31C4 /* Constants.swift */ = {isa = PBXFileReference; lastKnownFileType = sourcecode.swift; path = Constants.swift; sourceTree = "<group>"; };
		592ED33A24862E8400AF31C4 /* Video.swift */ = {isa = PBXFileReference; lastKnownFileType = sourcecode.swift; path = Video.swift; sourceTree = "<group>"; };
		592ED33C24862F6100AF31C4 /* Model.swift */ = {isa = PBXFileReference; lastKnownFileType = sourcecode.swift; path = Model.swift; sourceTree = "<group>"; };
		592ED33E2488D2A600AF31C4 /* Reponse.swift */ = {isa = PBXFileReference; lastKnownFileType = sourcecode.swift; path = Reponse.swift; sourceTree = "<group>"; };
		594AC02F24A0AFFB00D35FB6 /* CacheManager.swift */ = {isa = PBXFileReference; lastKnownFileType = sourcecode.swift; path = CacheManager.swift; sourceTree = "<group>"; };
		59D0883A249A0819006E6C0F /* VideoTableViewCell.swift */ = {isa = PBXFileReference; lastKnownFileType = sourcecode.swift; path = VideoTableViewCell.swift; sourceTree = "<group>"; };
/* End PBXFileReference section */

/* Begin PBXFrameworksBuildPhase section */
		592ED31E2485495600AF31C4 /* Frameworks */ = {
			isa = PBXFrameworksBuildPhase;
			buildActionMask = 2147483647;
			files = (
			);
			runOnlyForDeploymentPostprocessing = 0;
		};
/* End PBXFrameworksBuildPhase section */

/* Begin PBXGroup section */
		592ED3182485495500AF31C4 = {
			isa = PBXGroup;
			children = (
				592ED3232485495600AF31C4 /* youtube-onedaybuild */,
				592ED3222485495600AF31C4 /* Products */,
			);
			sourceTree = "<group>";
		};
		592ED3222485495600AF31C4 /* Products */ = {
			isa = PBXGroup;
			children = (
				592ED3212485495600AF31C4 /* youtube-onedaybuild.app */,
			);
			name = Products;
			sourceTree = "<group>";
		};
		592ED3232485495600AF31C4 /* youtube-onedaybuild */ = {
			isa = PBXGroup;
			children = (
				592ED3242485495600AF31C4 /* AppDelegate.swift */,
				592ED3262485495600AF31C4 /* SceneDelegate.swift */,
				59D08840249A088A006E6C0F /* Helpers */,
				59D0883F249A087A006E6C0F /* Storyboards */,
				59D0883E249A085E006E6C0F /* Models */,
				59D0883D249A0856006E6C0F /* View */,
				59D0883C249A083D006E6C0F /* View Controllers */,
				592ED32D2485495A00AF31C4 /* Assets.xcassets */,
				592ED3322485495A00AF31C4 /* Info.plist */,
			);
			path = "youtube-onedaybuild";
			sourceTree = "<group>";
		};
		59D0883C249A083D006E6C0F /* View Controllers */ = {
			isa = PBXGroup;
			children = (
				592ED3282485495600AF31C4 /* ViewController.swift */,
			);
			path = "View Controllers";
			sourceTree = "<group>";
		};
		59D0883D249A0856006E6C0F /* View */ = {
			isa = PBXGroup;
			children = (
				59D0883A249A0819006E6C0F /* VideoTableViewCell.swift */,
			);
			path = View;
			sourceTree = "<group>";
		};
		59D0883E249A085E006E6C0F /* Models */ = {
			isa = PBXGroup;
			children = (
				592ED33A24862E8400AF31C4 /* Video.swift */,
				592ED33C24862F6100AF31C4 /* Model.swift */,
				592ED33E2488D2A600AF31C4 /* Reponse.swift */,
			);
			path = Models;
			sourceTree = "<group>";
		};
		59D0883F249A087A006E6C0F /* Storyboards */ = {
			isa = PBXGroup;
			children = (
				592ED32A2485495600AF31C4 /* Main.storyboard */,
				592ED32F2485495A00AF31C4 /* LaunchScreen.storyboard */,
			);
			path = Storyboards;
			sourceTree = "<group>";
		};
		59D08840249A088A006E6C0F /* Helpers */ = {
			isa = PBXGroup;
			children = (
				592ED338248628B100AF31C4 /* Constants.swift */,
				59047E892493B29800CAE3FD /* ConstantsTemplate.swift */,
				594AC02F24A0AFFB00D35FB6 /* CacheManager.swift */,
			);
			path = Helpers;
			sourceTree = "<group>";
		};
/* End PBXGroup section */

/* Begin PBXNativeTarget section */
		592ED3202485495600AF31C4 /* youtube-onedaybuild */ = {
			isa = PBXNativeTarget;
			buildConfigurationList = 592ED3352485495A00AF31C4 /* Build configuration list for PBXNativeTarget "youtube-onedaybuild" */;
			buildPhases = (
				592ED31D2485495600AF31C4 /* Sources */,
				592ED31E2485495600AF31C4 /* Frameworks */,
				592ED31F2485495600AF31C4 /* Resources */,
			);
			buildRules = (
			);
			dependencies = (
			);
			name = "youtube-onedaybuild";
			productName = "youtube-onedaybuild";
			productReference = 592ED3212485495600AF31C4 /* youtube-onedaybuild.app */;
			productType = "com.apple.product-type.application";
		};
/* End PBXNativeTarget section */

/* Begin PBXProject section */
		592ED3192485495500AF31C4 /* Project object */ = {
			isa = PBXProject;
			attributes = {
				LastSwiftUpdateCheck = 1150;
				LastUpgradeCheck = 1150;
				ORGANIZATIONNAME = "Christoffer Carlsson";
				TargetAttributes = {
					592ED3202485495600AF31C4 = {
						CreatedOnToolsVersion = 11.5;
					};
				};
			};
			buildConfigurationList = 592ED31C2485495500AF31C4 /* Build configuration list for PBXProject "youtube-onedaybuild" */;
			compatibilityVersion = "Xcode 9.3";
			developmentRegion = en;
			hasScannedForEncodings = 0;
			knownRegions = (
				en,
				Base,
			);
			mainGroup = 592ED3182485495500AF31C4;
			productRefGroup = 592ED3222485495600AF31C4 /* Products */;
			projectDirPath = "";
			projectRoot = "";
			targets = (
				592ED3202485495600AF31C4 /* youtube-onedaybuild */,
			);
		};
/* End PBXProject section */

/* Begin PBXResourcesBuildPhase section */
		592ED31F2485495600AF31C4 /* Resources */ = {
			isa = PBXResourcesBuildPhase;
			buildActionMask = 2147483647;
			files = (
				592ED3312485495A00AF31C4 /* LaunchScreen.storyboard in Resources */,
				592ED32E2485495A00AF31C4 /* Assets.xcassets in Resources */,
				592ED32C2485495600AF31C4 /* Main.storyboard in Resources */,
			);
			runOnlyForDeploymentPostprocessing = 0;
		};
/* End PBXResourcesBuildPhase section */

/* Begin PBXSourcesBuildPhase section */
		592ED31D2485495600AF31C4 /* Sources */ = {
			isa = PBXSourcesBuildPhase;
			buildActionMask = 2147483647;
			files = (
				592ED3292485495600AF31C4 /* ViewController.swift in Sources */,
				592ED33F2488D2A600AF31C4 /* Reponse.swift in Sources */,
				592ED3252485495600AF31C4 /* AppDelegate.swift in Sources */,
				59047E8A2493B29800CAE3FD /* ConstantsTemplate.swift in Sources */,
				592ED3272485495600AF31C4 /* SceneDelegate.swift in Sources */,
				592ED33D24862F6100AF31C4 /* Model.swift in Sources */,
				594AC03024A0AFFB00D35FB6 /* CacheManager.swift in Sources */,
				592ED339248628B100AF31C4 /* Constants.swift in Sources */,
				592ED33B24862E8400AF31C4 /* Video.swift in Sources */,
				59D0883B249A0819006E6C0F /* VideoTableViewCell.swift in Sources */,
			);
			runOnlyForDeploymentPostprocessing = 0;
		};
/* End PBXSourcesBuildPhase section */

/* Begin PBXVariantGroup section */
		592ED32A2485495600AF31C4 /* Main.storyboard */ = {
			isa = PBXVariantGroup;
			children = (
				592ED32B2485495600AF31C4 /* Base */,
			);
			name = Main.storyboard;
			sourceTree = "<group>";
		};
		592ED32F2485495A00AF31C4 /* LaunchScreen.storyboard */ = {
			isa = PBXVariantGroup;
			children = (
				592ED3302485495A00AF31C4 /* Base */,
			);
			name = LaunchScreen.storyboard;
			sourceTree = "<group>";
		};
/* End PBXVariantGroup section */

/* Begin XCBuildConfiguration section */
		592ED3332485495A00AF31C4 /* Debug */ = {
			isa = XCBuildConfiguration;
			buildSettings = {
				ALWAYS_SEARCH_USER_PATHS = NO;
				CLANG_ANALYZER_NONNULL = YES;
				CLANG_ANALYZER_NUMBER_OBJECT_CONVERSION = YES_AGGRESSIVE;
				CLANG_CXX_LANGUAGE_STANDARD = "gnu++14";
				CLANG_CXX_LIBRARY = "libc++";
				CLANG_ENABLE_MODULES = YES;
				CLANG_ENABLE_OBJC_ARC = YES;
				CLANG_ENABLE_OBJC_WEAK = YES;
				CLANG_WARN_BLOCK_CAPTURE_AUTORELEASING = YES;
				CLANG_WARN_BOOL_CONVERSION = YES;
				CLANG_WARN_COMMA = YES;
				CLANG_WARN_CONSTANT_CONVERSION = YES;
				CLANG_WARN_DEPRECATED_OBJC_IMPLEMENTATIONS = YES;
				CLANG_WARN_DIRECT_OBJC_ISA_USAGE = YES_ERROR;
				CLANG_WARN_DOCUMENTATION_COMMENTS = YES;
				CLANG_WARN_EMPTY_BODY = YES;
				CLANG_WARN_ENUM_CONVERSION = YES;
				CLANG_WARN_INFINITE_RECURSION = YES;
				CLANG_WARN_INT_CONVERSION = YES;
				CLANG_WARN_NON_LITERAL_NULL_CONVERSION = YES;
				CLANG_WARN_OBJC_IMPLICIT_RETAIN_SELF = YES;
				CLANG_WARN_OBJC_LITERAL_CONVERSION = YES;
				CLANG_WARN_OBJC_ROOT_CLASS = YES_ERROR;
				CLANG_WARN_RANGE_LOOP_ANALYSIS = YES;
				CLANG_WARN_STRICT_PROTOTYPES = YES;
				CLANG_WARN_SUSPICIOUS_MOVE = YES;
				CLANG_WARN_UNGUARDED_AVAILABILITY = YES_AGGRESSIVE;
				CLANG_WARN_UNREACHABLE_CODE = YES;
				CLANG_WARN__DUPLICATE_METHOD_MATCH = YES;
				COPY_PHASE_STRIP = NO;
				DEBUG_INFORMATION_FORMAT = dwarf;
				ENABLE_STRICT_OBJC_MSGSEND = YES;
				ENABLE_TESTABILITY = YES;
				GCC_C_LANGUAGE_STANDARD = gnu11;
				GCC_DYNAMIC_NO_PIC = NO;
				GCC_NO_COMMON_BLOCKS = YES;
				GCC_OPTIMIZATION_LEVEL = 0;
				GCC_PREPROCESSOR_DEFINITIONS = (
					"DEBUG=1",
					"$(inherited)",
				);
				GCC_WARN_64_TO_32_BIT_CONVERSION = YES;
				GCC_WARN_ABOUT_RETURN_TYPE = YES_ERROR;
				GCC_WARN_UNDECLARED_SELECTOR = YES;
				GCC_WARN_UNINITIALIZED_AUTOS = YES_AGGRESSIVE;
				GCC_WARN_UNUSED_FUNCTION = YES;
				GCC_WARN_UNUSED_VARIABLE = YES;
				IPHONEOS_DEPLOYMENT_TARGET = 13.5;
				MTL_ENABLE_DEBUG_INFO = INCLUDE_SOURCE;
				MTL_FAST_MATH = YES;
				ONLY_ACTIVE_ARCH = YES;
				SDKROOT = iphoneos;
				SWIFT_ACTIVE_COMPILATION_CONDITIONS = DEBUG;
				SWIFT_OPTIMIZATION_LEVEL = "-Onone";
			};
			name = Debug;
		};
		592ED3342485495A00AF31C4 /* Release */ = {
			isa = XCBuildConfiguration;
			buildSettings = {
				ALWAYS_SEARCH_USER_PATHS = NO;
				CLANG_ANALYZER_NONNULL = YES;
				CLANG_ANALYZER_NUMBER_OBJECT_CONVERSION = YES_AGGRESSIVE;
				CLANG_CXX_LANGUAGE_STANDARD = "gnu++14";
				CLANG_CXX_LIBRARY = "libc++";
				CLANG_ENABLE_MODULES = YES;
				CLANG_ENABLE_OBJC_ARC = YES;
				CLANG_ENABLE_OBJC_WEAK = YES;
				CLANG_WARN_BLOCK_CAPTURE_AUTORELEASING = YES;
				CLANG_WARN_BOOL_CONVERSION = YES;
				CLANG_WARN_COMMA = YES;
				CLANG_WARN_CONSTANT_CONVERSION = YES;
				CLANG_WARN_DEPRECATED_OBJC_IMPLEMENTATIONS = YES;
				CLANG_WARN_DIRECT_OBJC_ISA_USAGE = YES_ERROR;
				CLANG_WARN_DOCUMENTATION_COMMENTS = YES;
				CLANG_WARN_EMPTY_BODY = YES;
				CLANG_WARN_ENUM_CONVERSION = YES;
				CLANG_WARN_INFINITE_RECURSION = YES;
				CLANG_WARN_INT_CONVERSION = YES;
				CLANG_WARN_NON_LITERAL_NULL_CONVERSION = YES;
				CLANG_WARN_OBJC_IMPLICIT_RETAIN_SELF = YES;
				CLANG_WARN_OBJC_LITERAL_CONVERSION = YES;
				CLANG_WARN_OBJC_ROOT_CLASS = YES_ERROR;
				CLANG_WARN_RANGE_LOOP_ANALYSIS = YES;
				CLANG_WARN_STRICT_PROTOTYPES = YES;
				CLANG_WARN_SUSPICIOUS_MOVE = YES;
				CLANG_WARN_UNGUARDED_AVAILABILITY = YES_AGGRESSIVE;
				CLANG_WARN_UNREACHABLE_CODE = YES;
				CLANG_WARN__DUPLICATE_METHOD_MATCH = YES;
				COPY_PHASE_STRIP = NO;
				DEBUG_INFORMATION_FORMAT = "dwarf-with-dsym";
				ENABLE_NS_ASSERTIONS = NO;
				ENABLE_STRICT_OBJC_MSGSEND = YES;
				GCC_C_LANGUAGE_STANDARD = gnu11;
				GCC_NO_COMMON_BLOCKS = YES;
				GCC_WARN_64_TO_32_BIT_CONVERSION = YES;
				GCC_WARN_ABOUT_RETURN_TYPE = YES_ERROR;
				GCC_WARN_UNDECLARED_SELECTOR = YES;
				GCC_WARN_UNINITIALIZED_AUTOS = YES_AGGRESSIVE;
				GCC_WARN_UNUSED_FUNCTION = YES;
				GCC_WARN_UNUSED_VARIABLE = YES;
				IPHONEOS_DEPLOYMENT_TARGET = 13.5;
				MTL_ENABLE_DEBUG_INFO = NO;
				MTL_FAST_MATH = YES;
				SDKROOT = iphoneos;
				SWIFT_COMPILATION_MODE = wholemodule;
				SWIFT_OPTIMIZATION_LEVEL = "-O";
				VALIDATE_PRODUCT = YES;
			};
			name = Release;
		};
		592ED3362485495A00AF31C4 /* Debug */ = {
			isa = XCBuildConfiguration;
			buildSettings = {
				ASSETCATALOG_COMPILER_APPICON_NAME = AppIcon;
				CODE_SIGN_STYLE = Automatic;
				INFOPLIST_FILE = "youtube-onedaybuild/Info.plist";
				LD_RUNPATH_SEARCH_PATHS = (
					"$(inherited)",
					"@executable_path/Frameworks",
				);
				PRODUCT_BUNDLE_IDENTIFIER = "chris.youtube-onedaybuild";
				PRODUCT_NAME = "$(TARGET_NAME)";
				SWIFT_VERSION = 5.0;
				TARGETED_DEVICE_FAMILY = "1,2";
			};
			name = Debug;
		};
		592ED3372485495A00AF31C4 /* Release */ = {
			isa = XCBuildConfiguration;
			buildSettings = {
				ASSETCATALOG_COMPILER_APPICON_NAME = AppIcon;
				CODE_SIGN_STYLE = Automatic;
				INFOPLIST_FILE = "youtube-onedaybuild/Info.plist";
				LD_RUNPATH_SEARCH_PATHS = (
					"$(inherited)",
					"@executable_path/Frameworks",
				);
				PRODUCT_BUNDLE_IDENTIFIER = "chris.youtube-onedaybuild";
				PRODUCT_NAME = "$(TARGET_NAME)";
				SWIFT_VERSION = 5.0;
				TARGETED_DEVICE_FAMILY = "1,2";
			};
			name = Release;
		};
/* End XCBuildConfiguration section */

/* Begin XCConfigurationList section */
		592ED31C2485495500AF31C4 /* Build configuration list for PBXProject "youtube-onedaybuild" */ = {
			isa = XCConfigurationList;
			buildConfigurations = (
				592ED3332485495A00AF31C4 /* Debug */,
				592ED3342485495A00AF31C4 /* Release */,
			);
			defaultConfigurationIsVisible = 0;
			defaultConfigurationName = Release;
		};
		592ED3352485495A00AF31C4 /* Build configuration list for PBXNativeTarget "youtube-onedaybuild" */ = {
			isa = XCConfigurationList;
			buildConfigurations = (
				592ED3362485495A00AF31C4 /* Debug */,
				592ED3372485495A00AF31C4 /* Release */,
			);
			defaultConfigurationIsVisible = 0;
			defaultConfigurationName = Release;
		};
/* End XCConfigurationList section */
	};
	rootObject = 592ED3192485495500AF31C4 /* Project object */;
}
